
Microsoft Visual Studio Solution File, Format Version 12.00
# Visual Studio Version 17
VisualStudioVersion = 17.7.34031.279
MinimumVisualStudioVersion = 10.0.40219.1
Project("{8BC9CEB8-8B4A-11D0-8D11-00A0C91BC942}") = "Lab 5.0", "Lab 5.0\Lab 5.0.vcxproj", "{1E976B86-AE35-449C-87DD-64BAB669F5D7}"
EndProject
Project("{8BC9CEB8-8B4A-11D0-8D11-00A0C91BC942}") = "UnitTest1", "UnitTest1\UnitTest1.vcxproj", "{68716891-5ABD-467E-80C2-EE819E9DE8BF}"
EndProject
Global
	GlobalSection(SolutionConfigurationPlatforms) = preSolution
		Debug|x64 = Debug|x64
		Debug|x86 = Debug|x86
		Release|x64 = Release|x64
		Release|x86 = Release|x86
	EndGlobalSection
	GlobalSection(ProjectConfigurationPlatforms) = postSolution
		{1E976B86-AE35-449C-87DD-64BAB669F5D7}.Debug|x64.ActiveCfg = Debug|x64
		{1E976B86-AE35-449C-87DD-64BAB669F5D7}.Debug|x64.Build.0 = Debug|x64
		{1E976B86-AE35-449C-87DD-64BAB669F5D7}.Debug|x86.ActiveCfg = Debug|Win32
		{1E976B86-AE35-449C-87DD-64BAB669F5D7}.Debug|x86.Build.0 = Debug|Win32
		{1E976B86-AE35-449C-87DD-64BAB669F5D7}.Release|x64.ActiveCfg = Release|x64
		{1E976B86-AE35-449C-87DD-64BAB669F5D7}.Release|x64.Build.0 = Release|x64
		{1E976B86-AE35-449C-87DD-64BAB669F5D7}.Release|x86.ActiveCfg = Release|Win32
		{1E976B86-AE35-449C-87DD-64BAB669F5D7}.Release|x86.Build.0 = Release|Win32
		{68716891-5ABD-467E-80C2-EE819E9DE8BF}.Debug|x64.ActiveCfg = Debug|x64
		{68716891-5ABD-467E-80C2-EE819E9DE8BF}.Debug|x64.Build.0 = Debug|x64
		{68716891-5ABD-467E-80C2-EE819E9DE8BF}.Debug|x86.ActiveCfg = Debug|Win32
		{68716891-5ABD-467E-80C2-EE819E9DE8BF}.Debug|x86.Build.0 = Debug|Win32
		{68716891-5ABD-467E-80C2-EE819E9DE8BF}.Release|x64.ActiveCfg = Release|x64
		{68716891-5ABD-467E-80C2-EE819E9DE8BF}.Release|x64.Build.0 = Release|x64
		{68716891-5ABD-467E-80C2-EE819E9DE8BF}.Release|x86.ActiveCfg = Release|Win32
		{68716891-5ABD-467E-80C2-EE819E9DE8BF}.Release|x86.Build.0 = Release|Win32
	EndGlobalSection
	GlobalSection(SolutionProperties) = preSolution
		HideSolutionNode = FALSE
	EndGlobalSection
	GlobalSection(ExtensibilityGlobals) = postSolution
		SolutionGuid = {7E23D673-E607-473B-B7D1-D3F16E040A24}
	EndGlobalSection
EndGlobal
